
Microsoft Visual Studio Solution File, Format Version 12.00
Project("{2150E333-8FDC-42A3-9474-1A3956D46DE8}") = "src", "src", "{99D19084-66C6-4F90-B050-5991E205217D}"
EndProject
Project("{2150E333-8FDC-42A3-9474-1A3956D46DE8}") = "tests", "tests", "{6E41C264-0D4C-45EB-89FE-E4E2B69995E0}"
EndProject
Project("{FAE04EC0-301F-11D3-BF4B-00C04F79EFBC}") = "DareToDance.Domain", "src\DareToDance.Domain\DareToDance.Domain.csproj", "{9796E858-C8AB-40EA-9AC1-D2B98289449D}"
EndProject
Project("{FAE04EC0-301F-11D3-BF4B-00C04F79EFBC}") = "DareToDance.Api", "src\DareToDance.Api\DareToDance.Api.csproj", "{0CE15610-78EA-422B-9E7E-866D87117505}"
EndProject
Project("{2150E333-8FDC-42A3-9474-1A3956D46DE8}") = "docs", "docs", "{06F1E40E-CA55-4AEA-A493-C414BF968195}"
EndProject
Project("{2150E333-8FDC-42A3-9474-1A3956D46DE8}") = "requests", "requests", "{14194BD0-0108-4540-AC92-084CACEED67A}"
	ProjectSection(SolutionItems) = preProject
		docs\requests\CreateUser.http = docs\requests\CreateUser.http
	EndProjectSection
EndProject
Project("{FAE04EC0-301F-11D3-BF4B-00C04F79EFBC}") = "DareToDance.Infrastructure", "src\DareToDance.Infrastructure\DareToDance.Infrastructure.csproj", "{8E3DC1BA-2584-4884-957E-7D7590A0A01A}"
EndProject
Project("{2150E333-8FDC-42A3-9474-1A3956D46DE8}") = "IntegrationTests", "IntegrationTests", "{B6DCD465-1A79-46B5-B3FC-DA32A3830C94}"
EndProject
Project("{FAE04EC0-301F-11D3-BF4B-00C04F79EFBC}") = "DareToDance.Api.IntgrationTests", "tests\IntegrationTests\DareToDance.Api.IntgrationTests\DareToDance.Api.IntgrationTests.csproj", "{53C9C466-4E1C-40EE-A2BC-C3F305B54CCF}"
EndProject
Global
	GlobalSection(SolutionConfigurationPlatforms) = preSolution
		Debug|Any CPU = Debug|Any CPU
		Debug|x64 = Debug|x64
		Debug|x86 = Debug|x86
		Release|Any CPU = Release|Any CPU
		Release|x64 = Release|x64
		Release|x86 = Release|x86
	EndGlobalSection
	GlobalSection(ProjectConfigurationPlatforms) = postSolution
		{9796E858-C8AB-40EA-9AC1-D2B98289449D}.Debug|Any CPU.ActiveCfg = Debug|Any CPU
		{9796E858-C8AB-40EA-9AC1-D2B98289449D}.Debug|Any CPU.Build.0 = Debug|Any CPU
		{9796E858-C8AB-40EA-9AC1-D2B98289449D}.Debug|x64.ActiveCfg = Debug|Any CPU
		{9796E858-C8AB-40EA-9AC1-D2B98289449D}.Debug|x64.Build.0 = Debug|Any CPU
		{9796E858-C8AB-40EA-9AC1-D2B98289449D}.Debug|x86.ActiveCfg = Debug|Any CPU
		{9796E858-C8AB-40EA-9AC1-D2B98289449D}.Debug|x86.Build.0 = Debug|Any CPU
		{9796E858-C8AB-40EA-9AC1-D2B98289449D}.Release|Any CPU.ActiveCfg = Release|Any CPU
		{9796E858-C8AB-40EA-9AC1-D2B98289449D}.Release|Any CPU.Build.0 = Release|Any CPU
		{9796E858-C8AB-40EA-9AC1-D2B98289449D}.Release|x64.ActiveCfg = Release|Any CPU
		{9796E858-C8AB-40EA-9AC1-D2B98289449D}.Release|x64.Build.0 = Release|Any CPU
		{9796E858-C8AB-40EA-9AC1-D2B98289449D}.Release|x86.ActiveCfg = Release|Any CPU
		{9796E858-C8AB-40EA-9AC1-D2B98289449D}.Release|x86.Build.0 = Release|Any CPU
		{0CE15610-78EA-422B-9E7E-866D87117505}.Debug|Any CPU.ActiveCfg = Debug|Any CPU
		{0CE15610-78EA-422B-9E7E-866D87117505}.Debug|Any CPU.Build.0 = Debug|Any CPU
		{0CE15610-78EA-422B-9E7E-866D87117505}.Debug|x64.ActiveCfg = Debug|Any CPU
		{0CE15610-78EA-422B-9E7E-866D87117505}.Debug|x64.Build.0 = Debug|Any CPU
		{0CE15610-78EA-422B-9E7E-866D87117505}.Debug|x86.ActiveCfg = Debug|Any CPU
		{0CE15610-78EA-422B-9E7E-866D87117505}.Debug|x86.Build.0 = Debug|Any CPU
		{0CE15610-78EA-422B-9E7E-866D87117505}.Release|Any CPU.ActiveCfg = Release|Any CPU
		{0CE15610-78EA-422B-9E7E-866D87117505}.Release|Any CPU.Build.0 = Release|Any CPU
		{0CE15610-78EA-422B-9E7E-866D87117505}.Release|x64.ActiveCfg = Release|Any CPU
		{0CE15610-78EA-422B-9E7E-866D87117505}.Release|x64.Build.0 = Release|Any CPU
		{0CE15610-78EA-422B-9E7E-866D87117505}.Release|x86.ActiveCfg = Release|Any CPU
		{0CE15610-78EA-422B-9E7E-866D87117505}.Release|x86.Build.0 = Release|Any CPU
		{8E3DC1BA-2584-4884-957E-7D7590A0A01A}.Debug|Any CPU.ActiveCfg = Debug|Any CPU
		{8E3DC1BA-2584-4884-957E-7D7590A0A01A}.Debug|Any CPU.Build.0 = Debug|Any CPU
		{8E3DC1BA-2584-4884-957E-7D7590A0A01A}.Debug|x64.ActiveCfg = Debug|Any CPU
		{8E3DC1BA-2584-4884-957E-7D7590A0A01A}.Debug|x64.Build.0 = Debug|Any CPU
		{8E3DC1BA-2584-4884-957E-7D7590A0A01A}.Debug|x86.ActiveCfg = Debug|Any CPU
		{8E3DC1BA-2584-4884-957E-7D7590A0A01A}.Debug|x86.Build.0 = Debug|Any CPU
		{8E3DC1BA-2584-4884-957E-7D7590A0A01A}.Release|Any CPU.ActiveCfg = Release|Any CPU
		{8E3DC1BA-2584-4884-957E-7D7590A0A01A}.Release|Any CPU.Build.0 = Release|Any CPU
		{8E3DC1BA-2584-4884-957E-7D7590A0A01A}.Release|x64.ActiveCfg = Release|Any CPU
		{8E3DC1BA-2584-4884-957E-7D7590A0A01A}.Release|x64.Build.0 = Release|Any CPU
		{8E3DC1BA-2584-4884-957E-7D7590A0A01A}.Release|x86.ActiveCfg = Release|Any CPU
		{8E3DC1BA-2584-4884-957E-7D7590A0A01A}.Release|x86.Build.0 = Release|Any CPU
		{53C9C466-4E1C-40EE-A2BC-C3F305B54CCF}.Debug|Any CPU.ActiveCfg = Debug|Any CPU
		{53C9C466-4E1C-40EE-A2BC-C3F305B54CCF}.Debug|Any CPU.Build.0 = Debug|Any CPU
		{53C9C466-4E1C-40EE-A2BC-C3F305B54CCF}.Debug|x64.ActiveCfg = Debug|Any CPU
		{53C9C466-4E1C-40EE-A2BC-C3F305B54CCF}.Debug|x64.Build.0 = Debug|Any CPU
		{53C9C466-4E1C-40EE-A2BC-C3F305B54CCF}.Debug|x86.ActiveCfg = Debug|Any CPU
		{53C9C466-4E1C-40EE-A2BC-C3F305B54CCF}.Debug|x86.Build.0 = Debug|Any CPU
		{53C9C466-4E1C-40EE-A2BC-C3F305B54CCF}.Release|Any CPU.ActiveCfg = Release|Any CPU
		{53C9C466-4E1C-40EE-A2BC-C3F305B54CCF}.Release|Any CPU.Build.0 = Release|Any CPU
		{53C9C466-4E1C-40EE-A2BC-C3F305B54CCF}.Release|x64.ActiveCfg = Release|Any CPU
		{53C9C466-4E1C-40EE-A2BC-C3F305B54CCF}.Release|x64.Build.0 = Release|Any CPU
		{53C9C466-4E1C-40EE-A2BC-C3F305B54CCF}.Release|x86.ActiveCfg = Release|Any CPU
		{53C9C466-4E1C-40EE-A2BC-C3F305B54CCF}.Release|x86.Build.0 = Release|Any CPU
	EndGlobalSection
	GlobalSection(SolutionProperties) = preSolution
		HideSolutionNode = FALSE
	EndGlobalSection
	GlobalSection(NestedProjects) = preSolution
		{9796E858-C8AB-40EA-9AC1-D2B98289449D} = {99D19084-66C6-4F90-B050-5991E205217D}
		{0CE15610-78EA-422B-9E7E-866D87117505} = {99D19084-66C6-4F90-B050-5991E205217D}
		{14194BD0-0108-4540-AC92-084CACEED67A} = {06F1E40E-CA55-4AEA-A493-C414BF968195}
		{8E3DC1BA-2584-4884-957E-7D7590A0A01A} = {99D19084-66C6-4F90-B050-5991E205217D}
		{B6DCD465-1A79-46B5-B3FC-DA32A3830C94} = {6E41C264-0D4C-45EB-89FE-E4E2B69995E0}
		{53C9C466-4E1C-40EE-A2BC-C3F305B54CCF} = {B6DCD465-1A79-46B5-B3FC-DA32A3830C94}
	EndGlobalSection
EndGlobal
